// !$*UTF8*$!
{
	archiveVersion = 1;
	classes = {
	};
	objectVersion = 46;
	objects = {

/* Begin PBXBuildFile section */
		DA6722FF1E80064800899F3F /* SVProgressHUD.framework in Frameworks */ = {isa = PBXBuildFile; fileRef = DA6722F91E80064800899F3F /* SVProgressHUD.framework */; };
		DA6723001E80064800899F3F /* SVProgressHUD.framework in Embed Frameworks */ = {isa = PBXBuildFile; fileRef = DA6722F91E80064800899F3F /* SVProgressHUD.framework */; settings = {ATTRIBUTES = (CodeSignOnCopy, RemoveHeadersOnCopy, ); }; };
		DA6723011E80064800899F3F /* ObjectMapper.framework in Frameworks */ = {isa = PBXBuildFile; fileRef = DA6722FA1E80064800899F3F /* ObjectMapper.framework */; };
		DA6723021E80064800899F3F /* ObjectMapper.framework in Embed Frameworks */ = {isa = PBXBuildFile; fileRef = DA6722FA1E80064800899F3F /* ObjectMapper.framework */; settings = {ATTRIBUTES = (CodeSignOnCopy, RemoveHeadersOnCopy, ); }; };
		DA6723031E80064800899F3F /* ESPullToRefresh.framework in Frameworks */ = {isa = PBXBuildFile; fileRef = DA6722FB1E80064800899F3F /* ESPullToRefresh.framework */; };
		DA6723041E80064800899F3F /* ESPullToRefresh.framework in Embed Frameworks */ = {isa = PBXBuildFile; fileRef = DA6722FB1E80064800899F3F /* ESPullToRefresh.framework */; settings = {ATTRIBUTES = (CodeSignOnCopy, RemoveHeadersOnCopy, ); }; };
		DA6723051E80064800899F3F /* AlamofireObjectMapper.framework in Frameworks */ = {isa = PBXBuildFile; fileRef = DA6722FC1E80064800899F3F /* AlamofireObjectMapper.framework */; };
		DA6723061E80064800899F3F /* AlamofireObjectMapper.framework in Embed Frameworks */ = {isa = PBXBuildFile; fileRef = DA6722FC1E80064800899F3F /* AlamofireObjectMapper.framework */; settings = {ATTRIBUTES = (CodeSignOnCopy, RemoveHeadersOnCopy, ); }; };
		DA6723071E80064800899F3F /* AlamofireImage.framework in Frameworks */ = {isa = PBXBuildFile; fileRef = DA6722FD1E80064800899F3F /* AlamofireImage.framework */; };
		DA6723081E80064800899F3F /* AlamofireImage.framework in Embed Frameworks */ = {isa = PBXBuildFile; fileRef = DA6722FD1E80064800899F3F /* AlamofireImage.framework */; settings = {ATTRIBUTES = (CodeSignOnCopy, RemoveHeadersOnCopy, ); }; };
		DA6723091E80064800899F3F /* Alamofire.framework in Frameworks */ = {isa = PBXBuildFile; fileRef = DA6722FE1E80064800899F3F /* Alamofire.framework */; };
		DA67230A1E80064800899F3F /* Alamofire.framework in Embed Frameworks */ = {isa = PBXBuildFile; fileRef = DA6722FE1E80064800899F3F /* Alamofire.framework */; settings = {ATTRIBUTES = (CodeSignOnCopy, RemoveHeadersOnCopy, ); }; };
		DA67230D1E80075F00899F3F /* RouterProtocol.swift in Sources */ = {isa = PBXBuildFile; fileRef = DA67230C1E80075F00899F3F /* RouterProtocol.swift */; };
		DA67230F1E8008AD00899F3F /* Favorite.swift in Sources */ = {isa = PBXBuildFile; fileRef = DA67230E1E8008AD00899F3F /* Favorite.swift */; };
		DA6723111E800B0600899F3F /* DataBusiness.swift in Sources */ = {isa = PBXBuildFile; fileRef = DA6723101E800B0600899F3F /* DataBusiness.swift */; };
		DA6723131E80107200899F3F /* AddGroupTVC.swift in Sources */ = {isa = PBXBuildFile; fileRef = DA6723121E80107200899F3F /* AddGroupTVC.swift */; };
		DA6723151E80108200899F3F /* AddGroupCell.swift in Sources */ = {isa = PBXBuildFile; fileRef = DA6723141E80108200899F3F /* AddGroupCell.swift */; };
		DA6723171E80229800899F3F /* NewsTVC.swift in Sources */ = {isa = PBXBuildFile; fileRef = DA6723161E80229800899F3F /* NewsTVC.swift */; };
		DA6723191E8022AE00899F3F /* NewsCell.swift in Sources */ = {isa = PBXBuildFile; fileRef = DA6723181E8022AE00899F3F /* NewsCell.swift */; };
		DA8D2F2F1E7FDFDC00BA7FB1 /* AppDelegate.swift in Sources */ = {isa = PBXBuildFile; fileRef = DA8D2F2E1E7FDFDC00BA7FB1 /* AppDelegate.swift */; };
		DA8D2F341E7FDFDC00BA7FB1 /* Main.storyboard in Resources */ = {isa = PBXBuildFile; fileRef = DA8D2F321E7FDFDC00BA7FB1 /* Main.storyboard */; };
		DA8D2F361E7FDFDC00BA7FB1 /* Assets.xcassets in Resources */ = {isa = PBXBuildFile; fileRef = DA8D2F351E7FDFDC00BA7FB1 /* Assets.xcassets */; };
		DA8D2F391E7FDFDC00BA7FB1 /* LaunchScreen.storyboard in Resources */ = {isa = PBXBuildFile; fileRef = DA8D2F371E7FDFDC00BA7FB1 /* LaunchScreen.storyboard */; };
		DA8D2F4A1E7FF07700BA7FB1 /* Constants.swift in Sources */ = {isa = PBXBuildFile; fileRef = DA8D2F491E7FF07700BA7FB1 /* Constants.swift */; };
		DA8D2F4E1E7FFAEE00BA7FB1 /* CustomButton.swift in Sources */ = {isa = PBXBuildFile; fileRef = DA8D2F4B1E7FFAEE00BA7FB1 /* CustomButton.swift */; };
		DA8D2F4F1E7FFAEE00BA7FB1 /* CustomView.swift in Sources */ = {isa = PBXBuildFile; fileRef = DA8D2F4C1E7FFAEE00BA7FB1 /* CustomView.swift */; };
		DA8D2F501E7FFAEE00BA7FB1 /* DateUtils.swift in Sources */ = {isa = PBXBuildFile; fileRef = DA8D2F4D1E7FFAEE00BA7FB1 /* DateUtils.swift */; };
		DA8D2F531E7FFBB200BA7FB1 /* MainTVC.swift in Sources */ = {isa = PBXBuildFile; fileRef = DA8D2F521E7FFBB200BA7FB1 /* MainTVC.swift */; };
		DA8D2F551E7FFBEF00BA7FB1 /* GroupCell.swift in Sources */ = {isa = PBXBuildFile; fileRef = DA8D2F541E7FFBEF00BA7FB1 /* GroupCell.swift */; };
		DA8D2F571E7FFD2C00BA7FB1 /* Group.swift in Sources */ = {isa = PBXBuildFile; fileRef = DA8D2F561E7FFD2C00BA7FB1 /* Group.swift */; };
		DA8D2F591E7FFDDA00BA7FB1 /* News.swift in Sources */ = {isa = PBXBuildFile; fileRef = DA8D2F581E7FFDDA00BA7FB1 /* News.swift */; };
		DA8D2F5B1E7FFDE200BA7FB1 /* Topic.swift in Sources */ = {isa = PBXBuildFile; fileRef = DA8D2F5A1E7FFDE200BA7FB1 /* Topic.swift */; };
		DA8D2F5D1E80003800BA7FB1 /* DataAccess.swift in Sources */ = {isa = PBXBuildFile; fileRef = DA8D2F5C1E80003800BA7FB1 /* DataAccess.swift */; };
		DADA808C1E8035D100A8F423 /* TopicCell.swift in Sources */ = {isa = PBXBuildFile; fileRef = DADA808B1E8035D100A8F423 /* TopicCell.swift */; };
		DADA808E1E8035E500A8F423 /* TopicTVC.swift in Sources */ = {isa = PBXBuildFile; fileRef = DADA808D1E8035E500A8F423 /* TopicTVC.swift */; };
/* End PBXBuildFile section */

/* Begin PBXCopyFilesBuildPhase section */
		DA67230B1E80064800899F3F /* Embed Frameworks */ = {
			isa = PBXCopyFilesBuildPhase;
			buildActionMask = 2147483647;
			dstPath = "";
			dstSubfolderSpec = 10;
			files = (
				DA6723021E80064800899F3F /* ObjectMapper.framework in Embed Frameworks */,
				DA67230A1E80064800899F3F /* Alamofire.framework in Embed Frameworks */,
				DA6723081E80064800899F3F /* AlamofireImage.framework in Embed Frameworks */,
				DA6723001E80064800899F3F /* SVProgressHUD.framework in Embed Frameworks */,
				DA6723041E80064800899F3F /* ESPullToRefresh.framework in Embed Frameworks */,
				DA6723061E80064800899F3F /* AlamofireObjectMapper.framework in Embed Frameworks */,
			);
			name = "Embed Frameworks";
			runOnlyForDeploymentPostprocessing = 0;
		};
/* End PBXCopyFilesBuildPhase section */

/* Begin PBXFileReference section */
		DA6722F91E80064800899F3F /* SVProgressHUD.framework */ = {isa = PBXFileReference; lastKnownFileType = wrapper.framework; name = SVProgressHUD.framework; path = Carthage/Build/iOS/SVProgressHUD.framework; sourceTree = "<group>"; };
		DA6722FA1E80064800899F3F /* ObjectMapper.framework */ = {isa = PBXFileReference; lastKnownFileType = wrapper.framework; name = ObjectMapper.framework; path = Carthage/Build/iOS/ObjectMapper.framework; sourceTree = "<group>"; };
		DA6722FB1E80064800899F3F /* ESPullToRefresh.framework */ = {isa = PBXFileReference; lastKnownFileType = wrapper.framework; name = ESPullToRefresh.framework; path = Carthage/Build/iOS/ESPullToRefresh.framework; sourceTree = "<group>"; };
		DA6722FC1E80064800899F3F /* AlamofireObjectMapper.framework */ = {isa = PBXFileReference; lastKnownFileType = wrapper.framework; name = AlamofireObjectMapper.framework; path = Carthage/Build/iOS/AlamofireObjectMapper.framework; sourceTree = "<group>"; };
		DA6722FD1E80064800899F3F /* AlamofireImage.framework */ = {isa = PBXFileReference; lastKnownFileType = wrapper.framework; name = AlamofireImage.framework; path = Carthage/Build/iOS/AlamofireImage.framework; sourceTree = "<group>"; };
		DA6722FE1E80064800899F3F /* Alamofire.framework */ = {isa = PBXFileReference; lastKnownFileType = wrapper.framework; name = Alamofire.framework; path = Carthage/Build/iOS/Alamofire.framework; sourceTree = "<group>"; };
		DA67230C1E80075F00899F3F /* RouterProtocol.swift */ = {isa = PBXFileReference; fileEncoding = 4; lastKnownFileType = sourcecode.swift; path = RouterProtocol.swift; sourceTree = "<group>"; };
		DA67230E1E8008AD00899F3F /* Favorite.swift */ = {isa = PBXFileReference; fileEncoding = 4; lastKnownFileType = sourcecode.swift; path = Favorite.swift; sourceTree = "<group>"; };
		DA6723101E800B0600899F3F /* DataBusiness.swift */ = {isa = PBXFileReference; fileEncoding = 4; lastKnownFileType = sourcecode.swift; path = DataBusiness.swift; sourceTree = "<group>"; };
		DA6723121E80107200899F3F /* AddGroupTVC.swift */ = {isa = PBXFileReference; fileEncoding = 4; lastKnownFileType = sourcecode.swift; path = AddGroupTVC.swift; sourceTree = "<group>"; };
		DA6723141E80108200899F3F /* AddGroupCell.swift */ = {isa = PBXFileReference; fileEncoding = 4; lastKnownFileType = sourcecode.swift; path = AddGroupCell.swift; sourceTree = "<group>"; };
		DA6723161E80229800899F3F /* NewsTVC.swift */ = {isa = PBXFileReference; fileEncoding = 4; lastKnownFileType = sourcecode.swift; path = NewsTVC.swift; sourceTree = "<group>"; };
		DA6723181E8022AE00899F3F /* NewsCell.swift */ = {isa = PBXFileReference; fileEncoding = 4; lastKnownFileType = sourcecode.swift; path = NewsCell.swift; sourceTree = "<group>"; };
		DA8D2F2B1E7FDFDC00BA7FB1 /* EpiNotifier.app */ = {isa = PBXFileReference; explicitFileType = wrapper.application; includeInIndex = 0; path = EpiNotifier.app; sourceTree = BUILT_PRODUCTS_DIR; };
		DA8D2F2E1E7FDFDC00BA7FB1 /* AppDelegate.swift */ = {isa = PBXFileReference; lastKnownFileType = sourcecode.swift; path = AppDelegate.swift; sourceTree = "<group>"; };
		DA8D2F331E7FDFDC00BA7FB1 /* Base */ = {isa = PBXFileReference; lastKnownFileType = file.storyboard; name = Base; path = Base.lproj/Main.storyboard; sourceTree = "<group>"; };
		DA8D2F351E7FDFDC00BA7FB1 /* Assets.xcassets */ = {isa = PBXFileReference; lastKnownFileType = folder.assetcatalog; path = Assets.xcassets; sourceTree = "<group>"; };
		DA8D2F381E7FDFDC00BA7FB1 /* Base */ = {isa = PBXFileReference; lastKnownFileType = file.storyboard; name = Base; path = Base.lproj/LaunchScreen.storyboard; sourceTree = "<group>"; };
		DA8D2F3A1E7FDFDC00BA7FB1 /* Info.plist */ = {isa = PBXFileReference; lastKnownFileType = text.plist.xml; path = Info.plist; sourceTree = "<group>"; };
		DA8D2F491E7FF07700BA7FB1 /* Constants.swift */ = {isa = PBXFileReference; fileEncoding = 4; lastKnownFileType = sourcecode.swift; path = Constants.swift; sourceTree = "<group>"; };
		DA8D2F4B1E7FFAEE00BA7FB1 /* CustomButton.swift */ = {isa = PBXFileReference; fileEncoding = 4; lastKnownFileType = sourcecode.swift; path = CustomButton.swift; sourceTree = "<group>"; };
		DA8D2F4C1E7FFAEE00BA7FB1 /* CustomView.swift */ = {isa = PBXFileReference; fileEncoding = 4; lastKnownFileType = sourcecode.swift; path = CustomView.swift; sourceTree = "<group>"; };
		DA8D2F4D1E7FFAEE00BA7FB1 /* DateUtils.swift */ = {isa = PBXFileReference; fileEncoding = 4; lastKnownFileType = sourcecode.swift; path = DateUtils.swift; sourceTree = "<group>"; };
		DA8D2F521E7FFBB200BA7FB1 /* MainTVC.swift */ = {isa = PBXFileReference; fileEncoding = 4; lastKnownFileType = sourcecode.swift; path = MainTVC.swift; sourceTree = "<group>"; };
		DA8D2F541E7FFBEF00BA7FB1 /* GroupCell.swift */ = {isa = PBXFileReference; fileEncoding = 4; lastKnownFileType = sourcecode.swift; path = GroupCell.swift; sourceTree = "<group>"; };
		DA8D2F561E7FFD2C00BA7FB1 /* Group.swift */ = {isa = PBXFileReference; fileEncoding = 4; lastKnownFileType = sourcecode.swift; path = Group.swift; sourceTree = "<group>"; };
		DA8D2F581E7FFDDA00BA7FB1 /* News.swift */ = {isa = PBXFileReference; fileEncoding = 4; lastKnownFileType = sourcecode.swift; path = News.swift; sourceTree = "<group>"; };
		DA8D2F5A1E7FFDE200BA7FB1 /* Topic.swift */ = {isa = PBXFileReference; fileEncoding = 4; lastKnownFileType = sourcecode.swift; path = Topic.swift; sourceTree = "<group>"; };
		DA8D2F5C1E80003800BA7FB1 /* DataAccess.swift */ = {isa = PBXFileReference; fileEncoding = 4; lastKnownFileType = sourcecode.swift; path = DataAccess.swift; sourceTree = "<group>"; };
		DADA808B1E8035D100A8F423 /* TopicCell.swift */ = {isa = PBXFileReference; fileEncoding = 4; lastKnownFileType = sourcecode.swift; path = TopicCell.swift; sourceTree = "<group>"; };
		DADA808D1E8035E500A8F423 /* TopicTVC.swift */ = {isa = PBXFileReference; fileEncoding = 4; lastKnownFileType = sourcecode.swift; path = TopicTVC.swift; sourceTree = "<group>"; };
/* End PBXFileReference section */

/* Begin PBXFrameworksBuildPhase section */
		DA8D2F281E7FDFDC00BA7FB1 /* Frameworks */ = {
			isa = PBXFrameworksBuildPhase;
			buildActionMask = 2147483647;
			files = (
				DA6723011E80064800899F3F /* ObjectMapper.framework in Frameworks */,
				DA6723091E80064800899F3F /* Alamofire.framework in Frameworks */,
				DA6723071E80064800899F3F /* AlamofireImage.framework in Frameworks */,
				DA6722FF1E80064800899F3F /* SVProgressHUD.framework in Frameworks */,
				DA6723031E80064800899F3F /* ESPullToRefresh.framework in Frameworks */,
				DA6723051E80064800899F3F /* AlamofireObjectMapper.framework in Frameworks */,
			);
			runOnlyForDeploymentPostprocessing = 0;
		};
/* End PBXFrameworksBuildPhase section */

/* Begin PBXGroup section */
		DA8D2F221E7FDFDC00BA7FB1 = {
			isa = PBXGroup;
			children = (
				DA6722F91E80064800899F3F /* SVProgressHUD.framework */,
				DA6722FA1E80064800899F3F /* ObjectMapper.framework */,
				DA6722FB1E80064800899F3F /* ESPullToRefresh.framework */,
				DA6722FC1E80064800899F3F /* AlamofireObjectMapper.framework */,
				DA6722FD1E80064800899F3F /* AlamofireImage.framework */,
				DA6722FE1E80064800899F3F /* Alamofire.framework */,
				DA8D2F411E7FE03900BA7FB1 /* Core */,
				DA8D2F2D1E7FDFDC00BA7FB1 /* EpiNotifier */,
				DA8D2F2C1E7FDFDC00BA7FB1 /* Products */,
			);
			sourceTree = "<group>";
		};
		DA8D2F2C1E7FDFDC00BA7FB1 /* Products */ = {
			isa = PBXGroup;
			children = (
				DA8D2F2B1E7FDFDC00BA7FB1 /* EpiNotifier.app */,
			);
			name = Products;
			sourceTree = "<group>";
		};
		DA8D2F2D1E7FDFDC00BA7FB1 /* EpiNotifier */ = {
			isa = PBXGroup;
			children = (
				DA8D2F3A1E7FDFDC00BA7FB1 /* Info.plist */,
			);
			path = EpiNotifier;
			sourceTree = "<group>";
		};
		DA8D2F401E7FE03000BA7FB1 /* Views */ = {
			isa = PBXGroup;
			children = (
				DA8D2F351E7FDFDC00BA7FB1 /* Assets.xcassets */,
				DA8D2F371E7FDFDC00BA7FB1 /* LaunchScreen.storyboard */,
				DA8D2F321E7FDFDC00BA7FB1 /* Main.storyboard */,
			);
			name = Views;
			sourceTree = "<group>";
		};
		DA8D2F411E7FE03900BA7FB1 /* Core */ = {
			isa = PBXGroup;
			children = (
				DA8D2F2E1E7FDFDC00BA7FB1 /* AppDelegate.swift */,
				DA8D2F431E7FE06000BA7FB1 /* Data Access */,
				DA8D2F461E7FE07000BA7FB1 /* Business */,
				DA8D2F451E7FE06C00BA7FB1 /* Models */,
				DA8D2F421E7FE05B00BA7FB1 /* Controllers */,
				DA8D2F471E7FE08800BA7FB1 /* Utils */,
				DA8D2F401E7FE03000BA7FB1 /* Views */,
			);
			name = Core;
			path = EpiNotifier;
			sourceTree = "<group>";
		};
		DA8D2F421E7FE05B00BA7FB1 /* Controllers */ = {
			isa = PBXGroup;
			children = (
				DA8D2F511E7FFB9900BA7FB1 /* Cells */,
				DA8D2F521E7FFBB200BA7FB1 /* MainTVC.swift */,
				DA6723161E80229800899F3F /* NewsTVC.swift */,
				DA6723121E80107200899F3F /* AddGroupTVC.swift */,
				DADA808D1E8035E500A8F423 /* TopicTVC.swift */,
			);
			name = Controllers;
			sourceTree = "<group>";
		};
		DA8D2F431E7FE06000BA7FB1 /* Data Access */ = {
			isa = PBXGroup;
			children = (
				DA8D2F481E7FF06A00BA7FB1 /* Utilities */,
				DA8D2F5C1E80003800BA7FB1 /* DataAccess.swift */,
			);
			name = "Data Access";
			sourceTree = "<group>";
		};
		DA8D2F451E7FE06C00BA7FB1 /* Models */ = {
			isa = PBXGroup;
			children = (
				DA8D2F561E7FFD2C00BA7FB1 /* Group.swift */,
				DA8D2F581E7FFDDA00BA7FB1 /* News.swift */,
				DA8D2F5A1E7FFDE200BA7FB1 /* Topic.swift */,
				DA67230E1E8008AD00899F3F /* Favorite.swift */,
			);
			name = Models;
			sourceTree = "<group>";
		};
		DA8D2F461E7FE07000BA7FB1 /* Business */ = {
			isa = PBXGroup;
			children = (
				DA6723101E800B0600899F3F /* DataBusiness.swift */,
			);
			name = Business;
			sourceTree = "<group>";
		};
		DA8D2F471E7FE08800BA7FB1 /* Utils */ = {
			isa = PBXGroup;
			children = (
				DA8D2F4B1E7FFAEE00BA7FB1 /* CustomButton.swift */,
				DA8D2F4C1E7FFAEE00BA7FB1 /* CustomView.swift */,
				DA8D2F4D1E7FFAEE00BA7FB1 /* DateUtils.swift */,
			);
			name = Utils;
			sourceTree = "<group>";
		};
		DA8D2F481E7FF06A00BA7FB1 /* Utilities */ = {
			isa = PBXGroup;
			children = (
				DA8D2F491E7FF07700BA7FB1 /* Constants.swift */,
				DA67230C1E80075F00899F3F /* RouterProtocol.swift */,
			);
			name = Utilities;
			sourceTree = "<group>";
		};
		DA8D2F511E7FFB9900BA7FB1 /* Cells */ = {
			isa = PBXGroup;
			children = (
				DA8D2F541E7FFBEF00BA7FB1 /* GroupCell.swift */,
				DA6723141E80108200899F3F /* AddGroupCell.swift */,
				DA6723181E8022AE00899F3F /* NewsCell.swift */,
				DADA808B1E8035D100A8F423 /* TopicCell.swift */,
			);
			name = Cells;
			sourceTree = "<group>";
		};
/* End PBXGroup section */

/* Begin PBXNativeTarget section */
		DA8D2F2A1E7FDFDC00BA7FB1 /* EpiNotifier */ = {
			isa = PBXNativeTarget;
			buildConfigurationList = DA8D2F3D1E7FDFDC00BA7FB1 /* Build configuration list for PBXNativeTarget "EpiNotifier" */;
			buildPhases = (
				DA8D2F271E7FDFDC00BA7FB1 /* Sources */,
				DA8D2F281E7FDFDC00BA7FB1 /* Frameworks */,
				DA8D2F291E7FDFDC00BA7FB1 /* Resources */,
				DA67230B1E80064800899F3F /* Embed Frameworks */,
			);
			buildRules = (
			);
			dependencies = (
			);
			name = EpiNotifier;
			productName = EpiNotifier;
			productReference = DA8D2F2B1E7FDFDC00BA7FB1 /* EpiNotifier.app */;
			productType = "com.apple.product-type.application";
		};
/* End PBXNativeTarget section */

/* Begin PBXProject section */
		DA8D2F231E7FDFDC00BA7FB1 /* Project object */ = {
			isa = PBXProject;
			attributes = {
				LastSwiftUpdateCheck = 0820;
				LastUpgradeCheck = 0820;
				ORGANIZATIONNAME = "Alexandre Toubiana";
				TargetAttributes = {
					DA8D2F2A1E7FDFDC00BA7FB1 = {
						CreatedOnToolsVersion = 8.2.1;
						DevelopmentTeam = JA92XV498P;
						ProvisioningStyle = Automatic;
					};
				};
			};
			buildConfigurationList = DA8D2F261E7FDFDC00BA7FB1 /* Build configuration list for PBXProject "EpiNotifier" */;
			compatibilityVersion = "Xcode 3.2";
			developmentRegion = English;
			hasScannedForEncodings = 0;
			knownRegions = (
				en,
				Base,
			);
			mainGroup = DA8D2F221E7FDFDC00BA7FB1;
			productRefGroup = DA8D2F2C1E7FDFDC00BA7FB1 /* Products */;
			projectDirPath = "";
			projectRoot = "";
			targets = (
				DA8D2F2A1E7FDFDC00BA7FB1 /* EpiNotifier */,
			);
		};
/* End PBXProject section */

/* Begin PBXResourcesBuildPhase section */
		DA8D2F291E7FDFDC00BA7FB1 /* Resources */ = {
			isa = PBXResourcesBuildPhase;
			buildActionMask = 2147483647;
			files = (
				DA8D2F391E7FDFDC00BA7FB1 /* LaunchScreen.storyboard in Resources */,
				DA8D2F361E7FDFDC00BA7FB1 /* Assets.xcassets in Resources */,
				DA8D2F341E7FDFDC00BA7FB1 /* Main.storyboard in Resources */,
			);
			runOnlyForDeploymentPostprocessing = 0;
		};
/* End PBXResourcesBuildPhase section */

/* Begin PBXSourcesBuildPhase section */
		DA8D2F271E7FDFDC00BA7FB1 /* Sources */ = {
			isa = PBXSourcesBuildPhase;
			buildActionMask = 2147483647;
			files = (
				DA8D2F551E7FFBEF00BA7FB1 /* GroupCell.swift in Sources */,
				DADA808E1E8035E500A8F423 /* TopicTVC.swift in Sources */,
				DA8D2F5B1E7FFDE200BA7FB1 /* Topic.swift in Sources */,
				DA67230F1E8008AD00899F3F /* Favorite.swift in Sources */,
				DA6723151E80108200899F3F /* AddGroupCell.swift in Sources */,
				DA6723131E80107200899F3F /* AddGroupTVC.swift in Sources */,
				DA8D2F5D1E80003800BA7FB1 /* DataAccess.swift in Sources */,
				DA8D2F2F1E7FDFDC00BA7FB1 /* AppDelegate.swift in Sources */,
				DA6723111E800B0600899F3F /* DataBusiness.swift in Sources */,
				DA8D2F4F1E7FFAEE00BA7FB1 /* CustomView.swift in Sources */,
				DA8D2F591E7FFDDA00BA7FB1 /* News.swift in Sources */,
				DA6723191E8022AE00899F3F /* NewsCell.swift in Sources */,
				DADA808C1E8035D100A8F423 /* TopicCell.swift in Sources */,
				DA67230D1E80075F00899F3F /* RouterProtocol.swift in Sources */,
				DA6723171E80229800899F3F /* NewsTVC.swift in Sources */,
				DA8D2F571E7FFD2C00BA7FB1 /* Group.swift in Sources */,
				DA8D2F501E7FFAEE00BA7FB1 /* DateUtils.swift in Sources */,
				DA8D2F4A1E7FF07700BA7FB1 /* Constants.swift in Sources */,
				DA8D2F531E7FFBB200BA7FB1 /* MainTVC.swift in Sources */,
				DA8D2F4E1E7FFAEE00BA7FB1 /* CustomButton.swift in Sources */,
			);
			runOnlyForDeploymentPostprocessing = 0;
		};
/* End PBXSourcesBuildPhase section */

/* Begin PBXVariantGroup section */
		DA8D2F321E7FDFDC00BA7FB1 /* Main.storyboard */ = {
			isa = PBXVariantGroup;
			children = (
				DA8D2F331E7FDFDC00BA7FB1 /* Base */,
			);
			name = Main.storyboard;
			sourceTree = "<group>";
		};
		DA8D2F371E7FDFDC00BA7FB1 /* LaunchScreen.storyboard */ = {
			isa = PBXVariantGroup;
			children = (
				DA8D2F381E7FDFDC00BA7FB1 /* Base */,
			);
			name = LaunchScreen.storyboard;
			sourceTree = "<group>";
		};
/* End PBXVariantGroup section */

/* Begin XCBuildConfiguration section */
		DA8D2F3B1E7FDFDC00BA7FB1 /* Debug */ = {
			isa = XCBuildConfiguration;
			buildSettings = {
				ALWAYS_SEARCH_USER_PATHS = NO;
				CLANG_ANALYZER_NONNULL = YES;
				CLANG_CXX_LANGUAGE_STANDARD = "gnu++0x";
				CLANG_CXX_LIBRARY = "libc++";
				CLANG_ENABLE_MODULES = YES;
				CLANG_ENABLE_OBJC_ARC = YES;
				CLANG_WARN_BOOL_CONVERSION = YES;
				CLANG_WARN_CONSTANT_CONVERSION = YES;
				CLANG_WARN_DIRECT_OBJC_ISA_USAGE = YES_ERROR;
				CLANG_WARN_DOCUMENTATION_COMMENTS = YES;
				CLANG_WARN_EMPTY_BODY = YES;
				CLANG_WARN_ENUM_CONVERSION = YES;
				CLANG_WARN_INFINITE_RECURSION = YES;
				CLANG_WARN_INT_CONVERSION = YES;
				CLANG_WARN_OBJC_ROOT_CLASS = YES_ERROR;
				CLANG_WARN_SUSPICIOUS_MOVE = YES;
				CLANG_WARN_UNREACHABLE_CODE = YES;
				CLANG_WARN__DUPLICATE_METHOD_MATCH = YES;
				"CODE_SIGN_IDENTITY[sdk=iphoneos*]" = "iPhone Developer";
				COPY_PHASE_STRIP = NO;
				DEBUG_INFORMATION_FORMAT = dwarf;
				ENABLE_STRICT_OBJC_MSGSEND = YES;
				ENABLE_TESTABILITY = YES;
				GCC_C_LANGUAGE_STANDARD = gnu99;
				GCC_DYNAMIC_NO_PIC = NO;
				GCC_NO_COMMON_BLOCKS = YES;
				GCC_OPTIMIZATION_LEVEL = 0;
				GCC_PREPROCESSOR_DEFINITIONS = (
					"DEBUG=1",
					"$(inherited)",
				);
				GCC_WARN_64_TO_32_BIT_CONVERSION = YES;
				GCC_WARN_ABOUT_RETURN_TYPE = YES_ERROR;
				GCC_WARN_UNDECLARED_SELECTOR = YES;
				GCC_WARN_UNINITIALIZED_AUTOS = YES_AGGRESSIVE;
				GCC_WARN_UNUSED_FUNCTION = YES;
				GCC_WARN_UNUSED_VARIABLE = YES;
				IPHONEOS_DEPLOYMENT_TARGET = 10.2;
				MTL_ENABLE_DEBUG_INFO = YES;
				ONLY_ACTIVE_ARCH = YES;
				SDKROOT = iphoneos;
				SWIFT_ACTIVE_COMPILATION_CONDITIONS = DEBUG;
				SWIFT_OPTIMIZATION_LEVEL = "-Onone";
				TARGETED_DEVICE_FAMILY = "1,2";
			};
			name = Debug;
		};
		DA8D2F3C1E7FDFDC00BA7FB1 /* Release */ = {
			isa = XCBuildConfiguration;
			buildSettings = {
				ALWAYS_SEARCH_USER_PATHS = NO;
				CLANG_ANALYZER_NONNULL = YES;
				CLANG_CXX_LANGUAGE_STANDARD = "gnu++0x";
				CLANG_CXX_LIBRARY = "libc++";
				CLANG_ENABLE_MODULES = YES;
				CLANG_ENABLE_OBJC_ARC = YES;
				CLANG_WARN_BOOL_CONVERSION = YES;
				CLANG_WARN_CONSTANT_CONVERSION = YES;
				CLANG_WARN_DIRECT_OBJC_ISA_USAGE = YES_ERROR;
				CLANG_WARN_DOCUMENTATION_COMMENTS = YES;
				CLANG_WARN_EMPTY_BODY = YES;
				CLANG_WARN_ENUM_CONVERSION = YES;
				CLANG_WARN_INFINITE_RECURSION = YES;
				CLANG_WARN_INT_CONVERSION = YES;
				CLANG_WARN_OBJC_ROOT_CLASS = YES_ERROR;
				CLANG_WARN_SUSPICIOUS_MOVE = YES;
				CLANG_WARN_UNREACHABLE_CODE = YES;
				CLANG_WARN__DUPLICATE_METHOD_MATCH = YES;
				"CODE_SIGN_IDENTITY[sdk=iphoneos*]" = "iPhone Developer";
				COPY_PHASE_STRIP = NO;
				DEBUG_INFORMATION_FORMAT = "dwarf-with-dsym";
				ENABLE_NS_ASSERTIONS = NO;
				ENABLE_STRICT_OBJC_MSGSEND = YES;
				GCC_C_LANGUAGE_STANDARD = gnu99;
				GCC_NO_COMMON_BLOCKS = YES;
				GCC_WARN_64_TO_32_BIT_CONVERSION = YES;
				GCC_WARN_ABOUT_RETURN_TYPE = YES_ERROR;
				GCC_WARN_UNDECLARED_SELECTOR = YES;
				GCC_WARN_UNINITIALIZED_AUTOS = YES_AGGRESSIVE;
				GCC_WARN_UNUSED_FUNCTION = YES;
				GCC_WARN_UNUSED_VARIABLE = YES;
				IPHONEOS_DEPLOYMENT_TARGET = 10.2;
				MTL_ENABLE_DEBUG_INFO = NO;
				SDKROOT = iphoneos;
				SWIFT_OPTIMIZATION_LEVEL = "-Owholemodule";
				TARGETED_DEVICE_FAMILY = "1,2";
				VALIDATE_PRODUCT = YES;
			};
			name = Release;
		};
		DA8D2F3E1E7FDFDC00BA7FB1 /* Debug */ = {
			isa = XCBuildConfiguration;
			buildSettings = {
				ASSETCATALOG_COMPILER_APPICON_NAME = AppIcon;
				DEVELOPMENT_TEAM = JA92XV498P;
				FRAMEWORK_SEARCH_PATHS = (
					"$(inherited)",
					"$(PROJECT_DIR)/Carthage/Build/iOS",
				);
				INFOPLIST_FILE = EpiNotifier/Info.plist;
				IPHONEOS_DEPLOYMENT_TARGET = 10.0;
				LD_RUNPATH_SEARCH_PATHS = "$(inherited) @executable_path/Frameworks";
				PRODUCT_BUNDLE_IDENTIFIER = alextoub.EpiNotifier;
				PRODUCT_NAME = "$(TARGET_NAME)";
				SWIFT_VERSION = 3.0;
			};
			name = Debug;
		};
		DA8D2F3F1E7FDFDC00BA7FB1 /* Release */ = {
			isa = XCBuildConfiguration;
			buildSettings = {
				ASSETCATALOG_COMPILER_APPICON_NAME = AppIcon;
				DEVELOPMENT_TEAM = JA92XV498P;
				FRAMEWORK_SEARCH_PATHS = (
					"$(inherited)",
					"$(PROJECT_DIR)/Carthage/Build/iOS",
				);
				INFOPLIST_FILE = EpiNotifier/Info.plist;
				IPHONEOS_DEPLOYMENT_TARGET = 10.0;
				LD_RUNPATH_SEARCH_PATHS = "$(inherited) @executable_path/Frameworks";
				PRODUCT_BUNDLE_IDENTIFIER = alextoub.EpiNotifier;
				PRODUCT_NAME = "$(TARGET_NAME)";
				SWIFT_VERSION = 3.0;
			};
			name = Release;
		};
/* End XCBuildConfiguration section */

/* Begin XCConfigurationList section */
		DA8D2F261E7FDFDC00BA7FB1 /* Build configuration list for PBXProject "EpiNotifier" */ = {
			isa = XCConfigurationList;
			buildConfigurations = (
				DA8D2F3B1E7FDFDC00BA7FB1 /* Debug */,
				DA8D2F3C1E7FDFDC00BA7FB1 /* Release */,
			);
			defaultConfigurationIsVisible = 0;
			defaultConfigurationName = Release;
		};
		DA8D2F3D1E7FDFDC00BA7FB1 /* Build configuration list for PBXNativeTarget "EpiNotifier" */ = {
			isa = XCConfigurationList;
			buildConfigurations = (
				DA8D2F3E1E7FDFDC00BA7FB1 /* Debug */,
				DA8D2F3F1E7FDFDC00BA7FB1 /* Release */,
			);
			defaultConfigurationIsVisible = 0;
			defaultConfigurationName = Release;
		};
/* End XCConfigurationList section */
	};
	rootObject = DA8D2F231E7FDFDC00BA7FB1 /* Project object */;
}
