// !$*UTF8*$!
{
	archiveVersion = 1;
	classes = {
	};
	objectVersion = 46;
	objects = {

/* Begin PBXBuildFile section */
		2D59C4448004D9D78387656B /* Pods_EpiReader.framework in Frameworks */ = {isa = PBXBuildFile; fileRef = E36F5835DD03BAC440E05212 /* Pods_EpiReader.framework */; };
		DA51D9221EE57CD2003E795B /* LoadingCell.swift in Sources */ = {isa = PBXBuildFile; fileRef = DA51D9211EE57CD2003E795B /* LoadingCell.swift */; };
		DA5DFB4A1EE59D5700DFE65D /* SettingTVC.swift in Sources */ = {isa = PBXBuildFile; fileRef = DA5DFB491EE59D5700DFE65D /* SettingTVC.swift */; };
		DA67230D1E80075F00899F3F /* RouterProtocol.swift in Sources */ = {isa = PBXBuildFile; fileRef = DA67230C1E80075F00899F3F /* RouterProtocol.swift */; };
		DA67230F1E8008AD00899F3F /* Favorite.swift in Sources */ = {isa = PBXBuildFile; fileRef = DA67230E1E8008AD00899F3F /* Favorite.swift */; };
		DA6723111E800B0600899F3F /* DataBusiness.swift in Sources */ = {isa = PBXBuildFile; fileRef = DA6723101E800B0600899F3F /* DataBusiness.swift */; };
		DA6723131E80107200899F3F /* AddGroupTVC.swift in Sources */ = {isa = PBXBuildFile; fileRef = DA6723121E80107200899F3F /* AddGroupTVC.swift */; };
		DA6723151E80108200899F3F /* AddGroupCell.swift in Sources */ = {isa = PBXBuildFile; fileRef = DA6723141E80108200899F3F /* AddGroupCell.swift */; };
		DA6723171E80229800899F3F /* NewsTVC.swift in Sources */ = {isa = PBXBuildFile; fileRef = DA6723161E80229800899F3F /* NewsTVC.swift */; };
		DA6723191E8022AE00899F3F /* NewsCell.swift in Sources */ = {isa = PBXBuildFile; fileRef = DA6723181E8022AE00899F3F /* NewsCell.swift */; };
		DA7C34C71E829B2B00A1DA99 /* ReadNews.swift in Sources */ = {isa = PBXBuildFile; fileRef = DA7C34C61E829B2B00A1DA99 /* ReadNews.swift */; };
		DA7D4F8F1EE8AF4B002C40E6 /* ImageVC.swift in Sources */ = {isa = PBXBuildFile; fileRef = DA7D4F8E1EE8AF4B002C40E6 /* ImageVC.swift */; };
		DA8D2F2F1E7FDFDC00BA7FB1 /* AppDelegate.swift in Sources */ = {isa = PBXBuildFile; fileRef = DA8D2F2E1E7FDFDC00BA7FB1 /* AppDelegate.swift */; };
		DA8D2F341E7FDFDC00BA7FB1 /* Main.storyboard in Resources */ = {isa = PBXBuildFile; fileRef = DA8D2F321E7FDFDC00BA7FB1 /* Main.storyboard */; };
		DA8D2F361E7FDFDC00BA7FB1 /* Assets.xcassets in Resources */ = {isa = PBXBuildFile; fileRef = DA8D2F351E7FDFDC00BA7FB1 /* Assets.xcassets */; };
		DA8D2F391E7FDFDC00BA7FB1 /* LaunchScreen.storyboard in Resources */ = {isa = PBXBuildFile; fileRef = DA8D2F371E7FDFDC00BA7FB1 /* LaunchScreen.storyboard */; };
		DA8D2F4A1E7FF07700BA7FB1 /* Constants.swift in Sources */ = {isa = PBXBuildFile; fileRef = DA8D2F491E7FF07700BA7FB1 /* Constants.swift */; };
		DA8D2F4E1E7FFAEE00BA7FB1 /* CustomButton.swift in Sources */ = {isa = PBXBuildFile; fileRef = DA8D2F4B1E7FFAEE00BA7FB1 /* CustomButton.swift */; };
		DA8D2F4F1E7FFAEE00BA7FB1 /* CustomView.swift in Sources */ = {isa = PBXBuildFile; fileRef = DA8D2F4C1E7FFAEE00BA7FB1 /* CustomView.swift */; };
		DA8D2F501E7FFAEE00BA7FB1 /* DateUtils.swift in Sources */ = {isa = PBXBuildFile; fileRef = DA8D2F4D1E7FFAEE00BA7FB1 /* DateUtils.swift */; };
		DA8D2F531E7FFBB200BA7FB1 /* MainTVC.swift in Sources */ = {isa = PBXBuildFile; fileRef = DA8D2F521E7FFBB200BA7FB1 /* MainTVC.swift */; };
		DA8D2F551E7FFBEF00BA7FB1 /* GroupCell.swift in Sources */ = {isa = PBXBuildFile; fileRef = DA8D2F541E7FFBEF00BA7FB1 /* GroupCell.swift */; };
		DA8D2F571E7FFD2C00BA7FB1 /* Group.swift in Sources */ = {isa = PBXBuildFile; fileRef = DA8D2F561E7FFD2C00BA7FB1 /* Group.swift */; };
		DA8D2F591E7FFDDA00BA7FB1 /* News.swift in Sources */ = {isa = PBXBuildFile; fileRef = DA8D2F581E7FFDDA00BA7FB1 /* News.swift */; };
		DA8D2F5B1E7FFDE200BA7FB1 /* Topic.swift in Sources */ = {isa = PBXBuildFile; fileRef = DA8D2F5A1E7FFDE200BA7FB1 /* Topic.swift */; };
		DA8D2F5D1E80003800BA7FB1 /* DataAccess.swift in Sources */ = {isa = PBXBuildFile; fileRef = DA8D2F5C1E80003800BA7FB1 /* DataAccess.swift */; };
		DABE50FE1F74E39C00CB4F93 /* StaticData.swift in Sources */ = {isa = PBXBuildFile; fileRef = DABE50FD1F74E39C00CB4F93 /* StaticData.swift */; };
		DABE51001F74E7C400CB4F93 /* RequestService.swift in Sources */ = {isa = PBXBuildFile; fileRef = DABE50FF1F74E7C400CB4F93 /* RequestService.swift */; };
		DAD2F9301F72BA61009BE02B /* Notification.swift in Sources */ = {isa = PBXBuildFile; fileRef = DAD2F92F1F72BA61009BE02B /* Notification.swift */; };
		DADA808C1E8035D100A8F423 /* TopicCell.swift in Sources */ = {isa = PBXBuildFile; fileRef = DADA808B1E8035D100A8F423 /* TopicCell.swift */; };
		DADA808E1E8035E500A8F423 /* TopicTVC.swift in Sources */ = {isa = PBXBuildFile; fileRef = DADA808D1E8035E500A8F423 /* TopicTVC.swift */; };
		DADA80901E8097A700A8F423 /* StringUtils.swift in Sources */ = {isa = PBXBuildFile; fileRef = DADA808F1E8097A700A8F423 /* StringUtils.swift */; };
		DAFA04CC1E83E7CD008AC100 /* Tag.swift in Sources */ = {isa = PBXBuildFile; fileRef = DAFA04CB1E83E7CD008AC100 /* Tag.swift */; };
/* End PBXBuildFile section */

/* Begin PBXCopyFilesBuildPhase section */
		DA67230B1E80064800899F3F /* Embed Frameworks */ = {
			isa = PBXCopyFilesBuildPhase;
			buildActionMask = 2147483647;
			dstPath = "";
			dstSubfolderSpec = 10;
			files = (
			);
			name = "Embed Frameworks";
			runOnlyForDeploymentPostprocessing = 0;
		};
/* End PBXCopyFilesBuildPhase section */

/* Begin PBXFileReference section */
		4198D801134556C059173926 /* Pods-EpiReader.debug.xcconfig */ = {isa = PBXFileReference; includeInIndex = 1; lastKnownFileType = text.xcconfig; name = "Pods-EpiReader.debug.xcconfig"; path = "Pods/Target Support Files/Pods-EpiReader/Pods-EpiReader.debug.xcconfig"; sourceTree = "<group>"; };
		54C6238AB4B76C4F02F6DE18 /* Pods-EpiReader.release.xcconfig */ = {isa = PBXFileReference; includeInIndex = 1; lastKnownFileType = text.xcconfig; name = "Pods-EpiReader.release.xcconfig"; path = "Pods/Target Support Files/Pods-EpiReader/Pods-EpiReader.release.xcconfig"; sourceTree = "<group>"; };
		DA51D9211EE57CD2003E795B /* LoadingCell.swift */ = {isa = PBXFileReference; fileEncoding = 4; lastKnownFileType = sourcecode.swift; name = LoadingCell.swift; path = ../EpiReader/LoadingCell.swift; sourceTree = "<group>"; };
		DA5DFB491EE59D5700DFE65D /* SettingTVC.swift */ = {isa = PBXFileReference; fileEncoding = 4; lastKnownFileType = sourcecode.swift; path = SettingTVC.swift; sourceTree = "<group>"; };
		DA67230C1E80075F00899F3F /* RouterProtocol.swift */ = {isa = PBXFileReference; fileEncoding = 4; lastKnownFileType = sourcecode.swift; name = RouterProtocol.swift; path = ../EpiReader/RouterProtocol.swift; sourceTree = "<group>"; };
		DA67230E1E8008AD00899F3F /* Favorite.swift */ = {isa = PBXFileReference; fileEncoding = 4; lastKnownFileType = sourcecode.swift; name = Favorite.swift; path = ../EpiReader/Favorite.swift; sourceTree = "<group>"; };
		DA6723101E800B0600899F3F /* DataBusiness.swift */ = {isa = PBXFileReference; fileEncoding = 4; lastKnownFileType = sourcecode.swift; name = DataBusiness.swift; path = ../EpiReader/DataBusiness.swift; sourceTree = "<group>"; };
		DA6723121E80107200899F3F /* AddGroupTVC.swift */ = {isa = PBXFileReference; fileEncoding = 4; lastKnownFileType = sourcecode.swift; name = AddGroupTVC.swift; path = ../EpiReader/AddGroupTVC.swift; sourceTree = "<group>"; };
		DA6723141E80108200899F3F /* AddGroupCell.swift */ = {isa = PBXFileReference; fileEncoding = 4; lastKnownFileType = sourcecode.swift; name = AddGroupCell.swift; path = ../EpiReader/AddGroupCell.swift; sourceTree = "<group>"; };
		DA6723161E80229800899F3F /* NewsTVC.swift */ = {isa = PBXFileReference; fileEncoding = 4; lastKnownFileType = sourcecode.swift; name = NewsTVC.swift; path = ../EpiReader/NewsTVC.swift; sourceTree = "<group>"; };
		DA6723181E8022AE00899F3F /* NewsCell.swift */ = {isa = PBXFileReference; fileEncoding = 4; lastKnownFileType = sourcecode.swift; name = NewsCell.swift; path = ../EpiReader/NewsCell.swift; sourceTree = "<group>"; };
		DA7C34C61E829B2B00A1DA99 /* ReadNews.swift */ = {isa = PBXFileReference; fileEncoding = 4; lastKnownFileType = sourcecode.swift; name = ReadNews.swift; path = ../EpiReader/ReadNews.swift; sourceTree = "<group>"; };
		DA7D4F8E1EE8AF4B002C40E6 /* ImageVC.swift */ = {isa = PBXFileReference; fileEncoding = 4; lastKnownFileType = sourcecode.swift; path = ImageVC.swift; sourceTree = "<group>"; };
		DA8284FD1F70C954007A646C /* EpiReader.entitlements */ = {isa = PBXFileReference; lastKnownFileType = text.plist.entitlements; path = EpiReader.entitlements; sourceTree = "<group>"; };
		DA8D2F2B1E7FDFDC00BA7FB1 /* EpiReader.app */ = {isa = PBXFileReference; explicitFileType = wrapper.application; includeInIndex = 0; path = EpiReader.app; sourceTree = BUILT_PRODUCTS_DIR; };
		DA8D2F2E1E7FDFDC00BA7FB1 /* AppDelegate.swift */ = {isa = PBXFileReference; lastKnownFileType = sourcecode.swift; name = AppDelegate.swift; path = ../EpiReader/AppDelegate.swift; sourceTree = "<group>"; };
		DA8D2F331E7FDFDC00BA7FB1 /* Base */ = {isa = PBXFileReference; lastKnownFileType = file.storyboard; name = Base; path = Base.lproj/Main.storyboard; sourceTree = "<group>"; };
		DA8D2F351E7FDFDC00BA7FB1 /* Assets.xcassets */ = {isa = PBXFileReference; lastKnownFileType = folder.assetcatalog; name = Assets.xcassets; path = ../EpiReader/Assets.xcassets; sourceTree = "<group>"; };
		DA8D2F381E7FDFDC00BA7FB1 /* Base */ = {isa = PBXFileReference; lastKnownFileType = file.storyboard; name = Base; path = Base.lproj/LaunchScreen.storyboard; sourceTree = "<group>"; };
		DA8D2F3A1E7FDFDC00BA7FB1 /* Info.plist */ = {isa = PBXFileReference; lastKnownFileType = text.plist.xml; name = Info.plist; path = ../EpiReader/Info.plist; sourceTree = "<group>"; };
		DA8D2F491E7FF07700BA7FB1 /* Constants.swift */ = {isa = PBXFileReference; fileEncoding = 4; lastKnownFileType = sourcecode.swift; name = Constants.swift; path = ../EpiReader/Constants.swift; sourceTree = "<group>"; };
		DA8D2F4B1E7FFAEE00BA7FB1 /* CustomButton.swift */ = {isa = PBXFileReference; fileEncoding = 4; lastKnownFileType = sourcecode.swift; name = CustomButton.swift; path = ../EpiReader/CustomButton.swift; sourceTree = "<group>"; };
		DA8D2F4C1E7FFAEE00BA7FB1 /* CustomView.swift */ = {isa = PBXFileReference; fileEncoding = 4; lastKnownFileType = sourcecode.swift; name = CustomView.swift; path = ../EpiReader/CustomView.swift; sourceTree = "<group>"; };
		DA8D2F4D1E7FFAEE00BA7FB1 /* DateUtils.swift */ = {isa = PBXFileReference; fileEncoding = 4; lastKnownFileType = sourcecode.swift; name = DateUtils.swift; path = ../EpiReader/DateUtils.swift; sourceTree = "<group>"; };
		DA8D2F521E7FFBB200BA7FB1 /* MainTVC.swift */ = {isa = PBXFileReference; fileEncoding = 4; lastKnownFileType = sourcecode.swift; name = MainTVC.swift; path = ../EpiReader/MainTVC.swift; sourceTree = "<group>"; };
		DA8D2F541E7FFBEF00BA7FB1 /* GroupCell.swift */ = {isa = PBXFileReference; fileEncoding = 4; lastKnownFileType = sourcecode.swift; name = GroupCell.swift; path = ../EpiReader/GroupCell.swift; sourceTree = "<group>"; };
		DA8D2F561E7FFD2C00BA7FB1 /* Group.swift */ = {isa = PBXFileReference; fileEncoding = 4; lastKnownFileType = sourcecode.swift; name = Group.swift; path = ../EpiReader/Group.swift; sourceTree = "<group>"; };
		DA8D2F581E7FFDDA00BA7FB1 /* News.swift */ = {isa = PBXFileReference; fileEncoding = 4; lastKnownFileType = sourcecode.swift; name = News.swift; path = ../EpiReader/News.swift; sourceTree = "<group>"; };
		DA8D2F5A1E7FFDE200BA7FB1 /* Topic.swift */ = {isa = PBXFileReference; fileEncoding = 4; lastKnownFileType = sourcecode.swift; name = Topic.swift; path = ../EpiReader/Topic.swift; sourceTree = "<group>"; };
		DA8D2F5C1E80003800BA7FB1 /* DataAccess.swift */ = {isa = PBXFileReference; fileEncoding = 4; lastKnownFileType = sourcecode.swift; name = DataAccess.swift; path = ../EpiReader/DataAccess.swift; sourceTree = "<group>"; };
		DABE50FD1F74E39C00CB4F93 /* StaticData.swift */ = {isa = PBXFileReference; lastKnownFileType = sourcecode.swift; path = StaticData.swift; sourceTree = "<group>"; };
		DABE50FF1F74E7C400CB4F93 /* RequestService.swift */ = {isa = PBXFileReference; lastKnownFileType = sourcecode.swift; path = RequestService.swift; sourceTree = "<group>"; };
		DAD2F92F1F72BA61009BE02B /* Notification.swift */ = {isa = PBXFileReference; lastKnownFileType = sourcecode.swift; path = Notification.swift; sourceTree = "<group>"; };
		DADA808B1E8035D100A8F423 /* TopicCell.swift */ = {isa = PBXFileReference; fileEncoding = 4; lastKnownFileType = sourcecode.swift; name = TopicCell.swift; path = ../EpiReader/TopicCell.swift; sourceTree = "<group>"; };
		DADA808D1E8035E500A8F423 /* TopicTVC.swift */ = {isa = PBXFileReference; fileEncoding = 4; lastKnownFileType = sourcecode.swift; name = TopicTVC.swift; path = ../EpiReader/TopicTVC.swift; sourceTree = "<group>"; };
		DADA808F1E8097A700A8F423 /* StringUtils.swift */ = {isa = PBXFileReference; fileEncoding = 4; lastKnownFileType = sourcecode.swift; name = StringUtils.swift; path = ../EpiReader/StringUtils.swift; sourceTree = "<group>"; };
		DAFA04CB1E83E7CD008AC100 /* Tag.swift */ = {isa = PBXFileReference; fileEncoding = 4; lastKnownFileType = sourcecode.swift; name = Tag.swift; path = ../EpiReader/Tag.swift; sourceTree = "<group>"; };
		E36F5835DD03BAC440E05212 /* Pods_EpiReader.framework */ = {isa = PBXFileReference; explicitFileType = wrapper.framework; includeInIndex = 0; path = Pods_EpiReader.framework; sourceTree = BUILT_PRODUCTS_DIR; };
/* End PBXFileReference section */

/* Begin PBXFrameworksBuildPhase section */
		DA8D2F281E7FDFDC00BA7FB1 /* Frameworks */ = {
			isa = PBXFrameworksBuildPhase;
			buildActionMask = 2147483647;
			files = (
				2D59C4448004D9D78387656B /* Pods_EpiReader.framework in Frameworks */,
			);
			runOnlyForDeploymentPostprocessing = 0;
		};
/* End PBXFrameworksBuildPhase section */

/* Begin PBXGroup section */
		3845C690C2E3D82FEDE1D2D9 /* Pods */ = {
			isa = PBXGroup;
			children = (
				4198D801134556C059173926 /* Pods-EpiReader.debug.xcconfig */,
				54C6238AB4B76C4F02F6DE18 /* Pods-EpiReader.release.xcconfig */,
			);
			name = Pods;
			sourceTree = "<group>";
		};
		69469F42AEA9A30043F1291F /* Frameworks */ = {
			isa = PBXGroup;
			children = (
				E36F5835DD03BAC440E05212 /* Pods_EpiReader.framework */,
			);
			name = Frameworks;
			sourceTree = "<group>";
		};
		DA8D2F221E7FDFDC00BA7FB1 = {
			isa = PBXGroup;
			children = (
				DA8D2F411E7FE03900BA7FB1 /* Core */,
				DA8D2F2D1E7FDFDC00BA7FB1 /* EpiReader */,
				DA8D2F2C1E7FDFDC00BA7FB1 /* Products */,
				3845C690C2E3D82FEDE1D2D9 /* Pods */,
				69469F42AEA9A30043F1291F /* Frameworks */,
			);
			sourceTree = "<group>";
		};
		DA8D2F2C1E7FDFDC00BA7FB1 /* Products */ = {
			isa = PBXGroup;
			children = (
				DA8D2F2B1E7FDFDC00BA7FB1 /* EpiReader.app */,
			);
			name = Products;
			sourceTree = "<group>";
		};
		DA8D2F2D1E7FDFDC00BA7FB1 /* EpiReader */ = {
			isa = PBXGroup;
			children = (
				DA8284FD1F70C954007A646C /* EpiReader.entitlements */,
				DA8D2F3A1E7FDFDC00BA7FB1 /* Info.plist */,
			);
			path = EpiReader;
			sourceTree = "<group>";
		};
		DA8D2F401E7FE03000BA7FB1 /* Views */ = {
			isa = PBXGroup;
			children = (
				DA8D2F351E7FDFDC00BA7FB1 /* Assets.xcassets */,
				DA8D2F371E7FDFDC00BA7FB1 /* LaunchScreen.storyboard */,
				DA8D2F321E7FDFDC00BA7FB1 /* Main.storyboard */,
			);
			name = Views;
			sourceTree = "<group>";
		};
		DA8D2F411E7FE03900BA7FB1 /* Core */ = {
			isa = PBXGroup;
			children = (
				DA8D2F2E1E7FDFDC00BA7FB1 /* AppDelegate.swift */,
				DA8D2F431E7FE06000BA7FB1 /* Data Access */,
				DA8D2F461E7FE07000BA7FB1 /* Business */,
				DA8D2F451E7FE06C00BA7FB1 /* Models */,
				DA8D2F421E7FE05B00BA7FB1 /* Controllers */,
				DA8D2F471E7FE08800BA7FB1 /* Utils */,
				DA8D2F401E7FE03000BA7FB1 /* Views */,
			);
			name = Core;
			path = EpiReader;
			sourceTree = "<group>";
		};
		DA8D2F421E7FE05B00BA7FB1 /* Controllers */ = {
			isa = PBXGroup;
			children = (
				DA8D2F511E7FFB9900BA7FB1 /* Cells */,
				DA8D2F521E7FFBB200BA7FB1 /* MainTVC.swift */,
				DA6723161E80229800899F3F /* NewsTVC.swift */,
				DA6723121E80107200899F3F /* AddGroupTVC.swift */,
				DADA808D1E8035E500A8F423 /* TopicTVC.swift */,
				DA5DFB491EE59D5700DFE65D /* SettingTVC.swift */,
				DA7D4F8E1EE8AF4B002C40E6 /* ImageVC.swift */,
			);
			name = Controllers;
			sourceTree = "<group>";
		};
		DA8D2F431E7FE06000BA7FB1 /* Data Access */ = {
			isa = PBXGroup;
			children = (
				DA8D2F481E7FF06A00BA7FB1 /* Utilities */,
				DA8D2F5C1E80003800BA7FB1 /* DataAccess.swift */,
				DABE50FF1F74E7C400CB4F93 /* RequestService.swift */,
			);
			name = "Data Access";
			sourceTree = "<group>";
		};
		DA8D2F451E7FE06C00BA7FB1 /* Models */ = {
			isa = PBXGroup;
			children = (
				DA8D2F561E7FFD2C00BA7FB1 /* Group.swift */,
				DA8D2F581E7FFDDA00BA7FB1 /* News.swift */,
				DA8D2F5A1E7FFDE200BA7FB1 /* Topic.swift */,
				DA67230E1E8008AD00899F3F /* Favorite.swift */,
				DA7C34C61E829B2B00A1DA99 /* ReadNews.swift */,
				DAFA04CB1E83E7CD008AC100 /* Tag.swift */,
				DAD2F92F1F72BA61009BE02B /* Notification.swift */,
				DABE50FD1F74E39C00CB4F93 /* StaticData.swift */,
			);
			name = Models;
			sourceTree = "<group>";
		};
		DA8D2F461E7FE07000BA7FB1 /* Business */ = {
			isa = PBXGroup;
			children = (
				DA6723101E800B0600899F3F /* DataBusiness.swift */,
			);
			name = Business;
			sourceTree = "<group>";
		};
		DA8D2F471E7FE08800BA7FB1 /* Utils */ = {
			isa = PBXGroup;
			children = (
				DA8D2F4B1E7FFAEE00BA7FB1 /* CustomButton.swift */,
				DA8D2F4C1E7FFAEE00BA7FB1 /* CustomView.swift */,
				DA8D2F4D1E7FFAEE00BA7FB1 /* DateUtils.swift */,
				DADA808F1E8097A700A8F423 /* StringUtils.swift */,
			);
			name = Utils;
			sourceTree = "<group>";
		};
		DA8D2F481E7FF06A00BA7FB1 /* Utilities */ = {
			isa = PBXGroup;
			children = (
				DA8D2F491E7FF07700BA7FB1 /* Constants.swift */,
				DA67230C1E80075F00899F3F /* RouterProtocol.swift */,
			);
			name = Utilities;
			sourceTree = "<group>";
		};
		DA8D2F511E7FFB9900BA7FB1 /* Cells */ = {
			isa = PBXGroup;
			children = (
				DA8D2F541E7FFBEF00BA7FB1 /* GroupCell.swift */,
				DA6723141E80108200899F3F /* AddGroupCell.swift */,
				DA6723181E8022AE00899F3F /* NewsCell.swift */,
				DADA808B1E8035D100A8F423 /* TopicCell.swift */,
				DA51D9211EE57CD2003E795B /* LoadingCell.swift */,
			);
			name = Cells;
			sourceTree = "<group>";
		};
/* End PBXGroup section */

/* Begin PBXNativeTarget section */
		DA8D2F2A1E7FDFDC00BA7FB1 /* EpiReader */ = {
			isa = PBXNativeTarget;
			buildConfigurationList = DA8D2F3D1E7FDFDC00BA7FB1 /* Build configuration list for PBXNativeTarget "EpiReader" */;
			buildPhases = (
				F6E896BAA54E46A114A5F285 /* [CP] Check Pods Manifest.lock */,
				DA8D2F271E7FDFDC00BA7FB1 /* Sources */,
				DA8D2F281E7FDFDC00BA7FB1 /* Frameworks */,
				DA8D2F291E7FDFDC00BA7FB1 /* Resources */,
				DA67230B1E80064800899F3F /* Embed Frameworks */,
				DA7CDEEA1EE5B560006AD1B7 /* Run Script */,
				24240E1737DD16C40A4F9915 /* [CP] Embed Pods Frameworks */,
				D8C4812CBBDB98C44C6D7E42 /* [CP] Copy Pods Resources */,
				DA8284F81F70B836007A646C /* ShellScript */,
			);
			buildRules = (
			);
			dependencies = (
			);
			name = EpiReader;
			productName = EpiReader;
			productReference = DA8D2F2B1E7FDFDC00BA7FB1 /* EpiReader.app */;
			productType = "com.apple.product-type.application";
		};
/* End PBXNativeTarget section */

/* Begin PBXProject section */
		DA8D2F231E7FDFDC00BA7FB1 /* Project object */ = {
			isa = PBXProject;
			attributes = {
				LastSwiftUpdateCheck = 0820;
				LastUpgradeCheck = 0820;
				ORGANIZATIONNAME = "Alexandre Toubiana";
				TargetAttributes = {
					DA8D2F2A1E7FDFDC00BA7FB1 = {
						CreatedOnToolsVersion = 8.2.1;
						DevelopmentTeam = E5L7NC8M9T;
						ProvisioningStyle = Automatic;
						SystemCapabilities = {
							com.apple.Push = {
								enabled = 1;
							};
						};
					};
				};
			};
			buildConfigurationList = DA8D2F261E7FDFDC00BA7FB1 /* Build configuration list for PBXProject "EpiReader" */;
			compatibilityVersion = "Xcode 3.2";
			developmentRegion = English;
			hasScannedForEncodings = 0;
			knownRegions = (
				en,
				Base,
			);
			mainGroup = DA8D2F221E7FDFDC00BA7FB1;
			productRefGroup = DA8D2F2C1E7FDFDC00BA7FB1 /* Products */;
			projectDirPath = "";
			projectRoot = "";
			targets = (
				DA8D2F2A1E7FDFDC00BA7FB1 /* EpiReader */,
			);
		};
/* End PBXProject section */

/* Begin PBXResourcesBuildPhase section */
		DA8D2F291E7FDFDC00BA7FB1 /* Resources */ = {
			isa = PBXResourcesBuildPhase;
			buildActionMask = 2147483647;
			files = (
				DA8D2F391E7FDFDC00BA7FB1 /* LaunchScreen.storyboard in Resources */,
				DA8D2F361E7FDFDC00BA7FB1 /* Assets.xcassets in Resources */,
				DA8D2F341E7FDFDC00BA7FB1 /* Main.storyboard in Resources */,
			);
			runOnlyForDeploymentPostprocessing = 0;
		};
/* End PBXResourcesBuildPhase section */

/* Begin PBXShellScriptBuildPhase section */
		24240E1737DD16C40A4F9915 /* [CP] Embed Pods Frameworks */ = {
			isa = PBXShellScriptBuildPhase;
			buildActionMask = 2147483647;
			files = (
			);
			inputPaths = (
				"${SRCROOT}/Pods/Target Support Files/Pods-EpiReader/Pods-EpiReader-frameworks.sh",
				"${BUILT_PRODUCTS_DIR}/Alamofire/Alamofire.framework",
				"${BUILT_PRODUCTS_DIR}/AlamofireImage/AlamofireImage.framework",
				"${BUILT_PRODUCTS_DIR}/AlamofireObjectMapper/AlamofireObjectMapper.framework",
				"${BUILT_PRODUCTS_DIR}/ESPullToRefresh/ESPullToRefresh.framework",
				"${BUILT_PRODUCTS_DIR}/ObjectMapper/ObjectMapper.framework",
				"${BUILT_PRODUCTS_DIR}/SVProgressHUD/SVProgressHUD.framework",
			);
			name = "[CP] Embed Pods Frameworks";
			outputPaths = (
				"${TARGET_BUILD_DIR}/${FRAMEWORKS_FOLDER_PATH}/Alamofire.framework",
				"${TARGET_BUILD_DIR}/${FRAMEWORKS_FOLDER_PATH}/AlamofireImage.framework",
				"${TARGET_BUILD_DIR}/${FRAMEWORKS_FOLDER_PATH}/AlamofireObjectMapper.framework",
				"${TARGET_BUILD_DIR}/${FRAMEWORKS_FOLDER_PATH}/ESPullToRefresh.framework",
				"${TARGET_BUILD_DIR}/${FRAMEWORKS_FOLDER_PATH}/ObjectMapper.framework",
				"${TARGET_BUILD_DIR}/${FRAMEWORKS_FOLDER_PATH}/SVProgressHUD.framework",
			);
			runOnlyForDeploymentPostprocessing = 0;
			shellPath = /bin/sh;
			shellScript = "\"${SRCROOT}/Pods/Target Support Files/Pods-EpiReader/Pods-EpiReader-frameworks.sh\"\n";
			showEnvVarsInLog = 0;
		};
		D8C4812CBBDB98C44C6D7E42 /* [CP] Copy Pods Resources */ = {
			isa = PBXShellScriptBuildPhase;
			buildActionMask = 2147483647;
			files = (
			);
			inputPaths = (
			);
			name = "[CP] Copy Pods Resources";
			outputPaths = (
			);
			runOnlyForDeploymentPostprocessing = 0;
			shellPath = /bin/sh;
			shellScript = "\"${SRCROOT}/Pods/Target Support Files/Pods-EpiReader/Pods-EpiReader-resources.sh\"\n";
			showEnvVarsInLog = 0;
		};
		DA7CDEEA1EE5B560006AD1B7 /* Run Script */ = {
			isa = PBXShellScriptBuildPhase;
			buildActionMask = 2147483647;
			files = (
			);
			inputPaths = (
			);
			name = "Run Script";
			outputPaths = (
			);
			runOnlyForDeploymentPostprocessing = 0;
			shellPath = /bin/sh;
			shellScript = "/usr/local/bin/carthage copy-frameworks";
		};
		DA8284F81F70B836007A646C /* ShellScript */ = {
			isa = PBXShellScriptBuildPhase;
			buildActionMask = 2147483647;
			files = (
			);
			inputPaths = (
			);
			outputPaths = (
			);
			runOnlyForDeploymentPostprocessing = 0;
			shellPath = /bin/sh;
			shellScript = "\"${PODS_ROOT}/Fabric/run\" 2657bacc4633ecd945b053444733b5897db00e51 366785cee618852f9b55eed24851b0ef96dd441fd0a8d3ad7b87b46b082661ba";
		};
		F6E896BAA54E46A114A5F285 /* [CP] Check Pods Manifest.lock */ = {
			isa = PBXShellScriptBuildPhase;
			buildActionMask = 2147483647;
			files = (
			);
			inputPaths = (
				"${PODS_PODFILE_DIR_PATH}/Podfile.lock",
				"${PODS_ROOT}/Manifest.lock",
			);
			name = "[CP] Check Pods Manifest.lock";
			outputPaths = (
				"$(DERIVED_FILE_DIR)/Pods-EpiReader-checkManifestLockResult.txt",
			);
			runOnlyForDeploymentPostprocessing = 0;
			shellPath = /bin/sh;
			shellScript = "diff \"${PODS_PODFILE_DIR_PATH}/Podfile.lock\" \"${PODS_ROOT}/Manifest.lock\" > /dev/null\nif [ $? != 0 ] ; then\n    # print error to STDERR\n    echo \"error: The sandbox is not in sync with the Podfile.lock. Run 'pod install' or update your CocoaPods installation.\" >&2\n    exit 1\nfi\n# This output is used by Xcode 'outputs' to avoid re-running this script phase.\necho \"SUCCESS\" > \"${SCRIPT_OUTPUT_FILE_0}\"\n";
			showEnvVarsInLog = 0;
		};
/* End PBXShellScriptBuildPhase section */

/* Begin PBXSourcesBuildPhase section */
		DA8D2F271E7FDFDC00BA7FB1 /* Sources */ = {
			isa = PBXSourcesBuildPhase;
			buildActionMask = 2147483647;
			files = (
				DA8D2F551E7FFBEF00BA7FB1 /* GroupCell.swift in Sources */,
				DADA808E1E8035E500A8F423 /* TopicTVC.swift in Sources */,
				DA8D2F5B1E7FFDE200BA7FB1 /* Topic.swift in Sources */,
				DA67230F1E8008AD00899F3F /* Favorite.swift in Sources */,
				DA6723151E80108200899F3F /* AddGroupCell.swift in Sources */,
				DA6723131E80107200899F3F /* AddGroupTVC.swift in Sources */,
				DA7C34C71E829B2B00A1DA99 /* ReadNews.swift in Sources */,
				DADA80901E8097A700A8F423 /* StringUtils.swift in Sources */,
				DA8D2F5D1E80003800BA7FB1 /* DataAccess.swift in Sources */,
				DA8D2F2F1E7FDFDC00BA7FB1 /* AppDelegate.swift in Sources */,
				DA6723111E800B0600899F3F /* DataBusiness.swift in Sources */,
				DA8D2F4F1E7FFAEE00BA7FB1 /* CustomView.swift in Sources */,
				DA8D2F591E7FFDDA00BA7FB1 /* News.swift in Sources */,
				DA6723191E8022AE00899F3F /* NewsCell.swift in Sources */,
				DAFA04CC1E83E7CD008AC100 /* Tag.swift in Sources */,
				DADA808C1E8035D100A8F423 /* TopicCell.swift in Sources */,
				DA7D4F8F1EE8AF4B002C40E6 /* ImageVC.swift in Sources */,
				DA5DFB4A1EE59D5700DFE65D /* SettingTVC.swift in Sources */,
				DA67230D1E80075F00899F3F /* RouterProtocol.swift in Sources */,
				DA6723171E80229800899F3F /* NewsTVC.swift in Sources */,
				DAD2F9301F72BA61009BE02B /* Notification.swift in Sources */,
				DABE50FE1F74E39C00CB4F93 /* StaticData.swift in Sources */,
				DA51D9221EE57CD2003E795B /* LoadingCell.swift in Sources */,
				DA8D2F571E7FFD2C00BA7FB1 /* Group.swift in Sources */,
				DA8D2F501E7FFAEE00BA7FB1 /* DateUtils.swift in Sources */,
				DABE51001F74E7C400CB4F93 /* RequestService.swift in Sources */,
				DA8D2F4A1E7FF07700BA7FB1 /* Constants.swift in Sources */,
				DA8D2F531E7FFBB200BA7FB1 /* MainTVC.swift in Sources */,
				DA8D2F4E1E7FFAEE00BA7FB1 /* CustomButton.swift in Sources */,
			);
			runOnlyForDeploymentPostprocessing = 0;
		};
/* End PBXSourcesBuildPhase section */

/* Begin PBXVariantGroup section */
		DA8D2F321E7FDFDC00BA7FB1 /* Main.storyboard */ = {
			isa = PBXVariantGroup;
			children = (
				DA8D2F331E7FDFDC00BA7FB1 /* Base */,
			);
			name = Main.storyboard;
			path = ../EpiReader;
			sourceTree = "<group>";
		};
		DA8D2F371E7FDFDC00BA7FB1 /* LaunchScreen.storyboard */ = {
			isa = PBXVariantGroup;
			children = (
				DA8D2F381E7FDFDC00BA7FB1 /* Base */,
			);
			name = LaunchScreen.storyboard;
			path = ../EpiReader;
			sourceTree = "<group>";
		};
/* End PBXVariantGroup section */

/* Begin XCBuildConfiguration section */
		DA8D2F3B1E7FDFDC00BA7FB1 /* Debug */ = {
			isa = XCBuildConfiguration;
			buildSettings = {
				ALWAYS_SEARCH_USER_PATHS = NO;
				CLANG_ANALYZER_NONNULL = YES;
				CLANG_CXX_LANGUAGE_STANDARD = "gnu++0x";
				CLANG_CXX_LIBRARY = "libc++";
				CLANG_ENABLE_MODULES = YES;
				CLANG_ENABLE_OBJC_ARC = YES;
				CLANG_WARN_BOOL_CONVERSION = YES;
				CLANG_WARN_CONSTANT_CONVERSION = YES;
				CLANG_WARN_DIRECT_OBJC_ISA_USAGE = YES_ERROR;
				CLANG_WARN_DOCUMENTATION_COMMENTS = YES;
				CLANG_WARN_EMPTY_BODY = YES;
				CLANG_WARN_ENUM_CONVERSION = YES;
				CLANG_WARN_INFINITE_RECURSION = YES;
				CLANG_WARN_INT_CONVERSION = YES;
				CLANG_WARN_OBJC_ROOT_CLASS = YES_ERROR;
				CLANG_WARN_SUSPICIOUS_MOVE = YES;
				CLANG_WARN_UNREACHABLE_CODE = YES;
				CLANG_WARN__DUPLICATE_METHOD_MATCH = YES;
				"CODE_SIGN_IDENTITY[sdk=iphoneos*]" = "iPhone Developer";
				COPY_PHASE_STRIP = NO;
				DEBUG_INFORMATION_FORMAT = dwarf;
				ENABLE_STRICT_OBJC_MSGSEND = YES;
				ENABLE_TESTABILITY = YES;
				GCC_C_LANGUAGE_STANDARD = gnu99;
				GCC_DYNAMIC_NO_PIC = NO;
				GCC_NO_COMMON_BLOCKS = YES;
				GCC_OPTIMIZATION_LEVEL = 0;
				GCC_PREPROCESSOR_DEFINITIONS = (
					"DEBUG=1",
					"$(inherited)",
				);
				GCC_WARN_64_TO_32_BIT_CONVERSION = YES;
				GCC_WARN_ABOUT_RETURN_TYPE = YES_ERROR;
				GCC_WARN_UNDECLARED_SELECTOR = YES;
				GCC_WARN_UNINITIALIZED_AUTOS = YES_AGGRESSIVE;
				GCC_WARN_UNUSED_FUNCTION = YES;
				GCC_WARN_UNUSED_VARIABLE = YES;
				IPHONEOS_DEPLOYMENT_TARGET = 10.0;
				MTL_ENABLE_DEBUG_INFO = YES;
				ONLY_ACTIVE_ARCH = YES;
				SDKROOT = iphoneos;
				SWIFT_ACTIVE_COMPILATION_CONDITIONS = DEBUG;
				SWIFT_OPTIMIZATION_LEVEL = "-Onone";
				TARGETED_DEVICE_FAMILY = "1,2";
			};
			name = Debug;
		};
		DA8D2F3C1E7FDFDC00BA7FB1 /* Release */ = {
			isa = XCBuildConfiguration;
			buildSettings = {
				ALWAYS_SEARCH_USER_PATHS = NO;
				CLANG_ANALYZER_NONNULL = YES;
				CLANG_CXX_LANGUAGE_STANDARD = "gnu++0x";
				CLANG_CXX_LIBRARY = "libc++";
				CLANG_ENABLE_MODULES = YES;
				CLANG_ENABLE_OBJC_ARC = YES;
				CLANG_WARN_BOOL_CONVERSION = YES;
				CLANG_WARN_CONSTANT_CONVERSION = YES;
				CLANG_WARN_DIRECT_OBJC_ISA_USAGE = YES_ERROR;
				CLANG_WARN_DOCUMENTATION_COMMENTS = YES;
				CLANG_WARN_EMPTY_BODY = YES;
				CLANG_WARN_ENUM_CONVERSION = YES;
				CLANG_WARN_INFINITE_RECURSION = YES;
				CLANG_WARN_INT_CONVERSION = YES;
				CLANG_WARN_OBJC_ROOT_CLASS = YES_ERROR;
				CLANG_WARN_SUSPICIOUS_MOVE = YES;
				CLANG_WARN_UNREACHABLE_CODE = YES;
				CLANG_WARN__DUPLICATE_METHOD_MATCH = YES;
				"CODE_SIGN_IDENTITY[sdk=iphoneos*]" = "iPhone Developer";
				COPY_PHASE_STRIP = NO;
				DEBUG_INFORMATION_FORMAT = "dwarf-with-dsym";
				ENABLE_NS_ASSERTIONS = NO;
				ENABLE_STRICT_OBJC_MSGSEND = YES;
				GCC_C_LANGUAGE_STANDARD = gnu99;
				GCC_NO_COMMON_BLOCKS = YES;
				GCC_WARN_64_TO_32_BIT_CONVERSION = YES;
				GCC_WARN_ABOUT_RETURN_TYPE = YES_ERROR;
				GCC_WARN_UNDECLARED_SELECTOR = YES;
				GCC_WARN_UNINITIALIZED_AUTOS = YES_AGGRESSIVE;
				GCC_WARN_UNUSED_FUNCTION = YES;
				GCC_WARN_UNUSED_VARIABLE = YES;
				IPHONEOS_DEPLOYMENT_TARGET = 10.0;
				MTL_ENABLE_DEBUG_INFO = NO;
				SDKROOT = iphoneos;
				SWIFT_OPTIMIZATION_LEVEL = "-Owholemodule";
				TARGETED_DEVICE_FAMILY = "1,2";
				VALIDATE_PRODUCT = YES;
			};
			name = Release;
		};
		DA8D2F3E1E7FDFDC00BA7FB1 /* Debug */ = {
			isa = XCBuildConfiguration;
			baseConfigurationReference = 4198D801134556C059173926 /* Pods-EpiReader.debug.xcconfig */;
			buildSettings = {
				ASSETCATALOG_COMPILER_APPICON_NAME = AppIcon;
				CODE_SIGN_ENTITLEMENTS = EpiReader/EpiReader.entitlements;
				DEVELOPMENT_TEAM = E5L7NC8M9T;
				FRAMEWORK_SEARCH_PATHS = (
					"$(inherited)",
					"$(PROJECT_DIR)/Carthage/Build/iOS",
				);
				INFOPLIST_FILE = EpiReader/Info.plist;
				IPHONEOS_DEPLOYMENT_TARGET = 10.0;
				LD_RUNPATH_SEARCH_PATHS = "$(inherited) @executable_path/Frameworks";
				PRODUCT_BUNDLE_IDENTIFIER = org.epimac.EpiReader;
				PRODUCT_NAME = "$(TARGET_NAME)";
				SWIFT_VERSION = 3.0;
				TARGETED_DEVICE_FAMILY = 1;
			};
			name = Debug;
		};
		DA8D2F3F1E7FDFDC00BA7FB1 /* Release */ = {
			isa = XCBuildConfiguration;
			baseConfigurationReference = 54C6238AB4B76C4F02F6DE18 /* Pods-EpiReader.release.xcconfig */;
			buildSettings = {
				ASSETCATALOG_COMPILER_APPICON_NAME = AppIcon;
				CODE_SIGN_ENTITLEMENTS = EpiReader/EpiReader.entitlements;
				DEVELOPMENT_TEAM = E5L7NC8M9T;
				FRAMEWORK_SEARCH_PATHS = (
					"$(inherited)",
					"$(PROJECT_DIR)/Carthage/Build/iOS",
				);
				INFOPLIST_FILE = EpiReader/Info.plist;
				IPHONEOS_DEPLOYMENT_TARGET = 10.0;
				LD_RUNPATH_SEARCH_PATHS = "$(inherited) @executable_path/Frameworks";
				PRODUCT_BUNDLE_IDENTIFIER = org.epimac.EpiReader;
				PRODUCT_NAME = "$(TARGET_NAME)";
				SWIFT_VERSION = 3.0;
				TARGETED_DEVICE_FAMILY = 1;
			};
			name = Release;
		};
/* End XCBuildConfiguration section */

/* Begin XCConfigurationList section */
		DA8D2F261E7FDFDC00BA7FB1 /* Build configuration list for PBXProject "EpiReader" */ = {
			isa = XCConfigurationList;
			buildConfigurations = (
				DA8D2F3B1E7FDFDC00BA7FB1 /* Debug */,
				DA8D2F3C1E7FDFDC00BA7FB1 /* Release */,
			);
			defaultConfigurationIsVisible = 0;
			defaultConfigurationName = Release;
		};
		DA8D2F3D1E7FDFDC00BA7FB1 /* Build configuration list for PBXNativeTarget "EpiReader" */ = {
			isa = XCConfigurationList;
			buildConfigurations = (
				DA8D2F3E1E7FDFDC00BA7FB1 /* Debug */,
				DA8D2F3F1E7FDFDC00BA7FB1 /* Release */,
			);
			defaultConfigurationIsVisible = 0;
			defaultConfigurationName = Release;
		};
/* End XCConfigurationList section */
	};
	rootObject = DA8D2F231E7FDFDC00BA7FB1 /* Project object */;
}
